
Microsoft Visual Studio Solution File, Format Version 12.00
# Visual Studio Version 16
VisualStudioVersion = 16.0.32106.194
MinimumVisualStudioVersion = 10.0.40219.1
Project("{FAE04EC0-301F-11D3-BF4B-00C04F79EFBC}") = "DSH", "DSH\DSH.csproj", "{3510251E-14DD-406B-9575-4BDF0BB4E713}"
EndProject
Global
	GlobalSection(SolutionConfigurationPlatforms) = preSolution
		Debug|Any CPU = Debug|Any CPU
		Release|Any CPU = Release|Any CPU
	EndGlobalSection
	GlobalSection(ProjectConfigurationPlatforms) = postSolution
		{3510251E-14DD-406B-9575-4BDF0BB4E713}.Debug|Any CPU.ActiveCfg = Debug|Any CPU
		{3510251E-14DD-406B-9575-4BDF0BB4E713}.Debug|Any CPU.Build.0 = Debug|Any CPU
		{3510251E-14DD-406B-9575-4BDF0BB4E713}.Release|Any CPU.ActiveCfg = Release|Any CPU
		{3510251E-14DD-406B-9575-4BDF0BB4E713}.Release|Any CPU.Build.0 = Release|Any CPU
	EndGlobalSection
	GlobalSection(SolutionProperties) = preSolution
		HideSolutionNode = FALSE
	EndGlobalSection
	GlobalSection(ExtensibilityGlobals) = postSolution
		SolutionGuid = {1162C741-868D-46EB-9B7F-5B84C24F5038}
	EndGlobalSection
EndGlobal
